// !$*UTF8*$!
{
	archiveVersion = 1;
	classes = {
	};
	objectVersion = 48;
	objects = {

/* Begin PBXBuildFile section */
		AC99AF9220292B610090771F /* AppDelegate.m in Sources */ = {isa = PBXBuildFile; fileRef = AC99AF9120292B610090771F /* AppDelegate.m */; };
		AC99AF9520292B610090771F /* ViewController.m in Sources */ = {isa = PBXBuildFile; fileRef = AC99AF9420292B610090771F /* ViewController.m */; };
		AC99AF9820292B610090771F /* Main.storyboard in Resources */ = {isa = PBXBuildFile; fileRef = AC99AF9620292B610090771F /* Main.storyboard */; };
		AC99AF9A20292B610090771F /* Assets.xcassets in Resources */ = {isa = PBXBuildFile; fileRef = AC99AF9920292B610090771F /* Assets.xcassets */; };
		AC99AF9D20292B610090771F /* LaunchScreen.storyboard in Resources */ = {isa = PBXBuildFile; fileRef = AC99AF9B20292B610090771F /* LaunchScreen.storyboard */; };
		AC99AFA020292B610090771F /* main.m in Sources */ = {isa = PBXBuildFile; fileRef = AC99AF9F20292B610090771F /* main.m */; };
/* End PBXBuildFile section */

/* Begin PBXFileReference section */
		AC99AF8D20292B610090771F /* MyDataLatest.app */ = {isa = PBXFileReference; explicitFileType = wrapper.application; includeInIndex = 0; path = MyDataLatest.app; sourceTree = BUILT_PRODUCTS_DIR; };
		AC99AF9020292B610090771F /* AppDelegate.h */ = {isa = PBXFileReference; lastKnownFileType = sourcecode.c.h; path = AppDelegate.h; sourceTree = "<group>"; };
		AC99AF9120292B610090771F /* AppDelegate.m */ = {isa = PBXFileReference; lastKnownFileType = sourcecode.c.objc; path = AppDelegate.m; sourceTree = "<group>"; };
		AC99AF9320292B610090771F /* ViewController.h */ = {isa = PBXFileReference; lastKnownFileType = sourcecode.c.h; path = ViewController.h; sourceTree = "<group>"; };
		AC99AF9420292B610090771F /* ViewController.m */ = {isa = PBXFileReference; lastKnownFileType = sourcecode.c.objc; path = ViewController.m; sourceTree = "<group>"; };
		AC99AF9720292B610090771F /* Base */ = {isa = PBXFileReference; lastKnownFileType = file.storyboard; name = Base; path = Base.lproj/Main.storyboard; sourceTree = "<group>"; };
		AC99AF9920292B610090771F /* Assets.xcassets */ = {isa = PBXFileReference; lastKnownFileType = folder.assetcatalog; path = Assets.xcassets; sourceTree = "<group>"; };
		AC99AF9C20292B610090771F /* Base */ = {isa = PBXFileReference; lastKnownFileType = file.storyboard; name = Base; path = Base.lproj/LaunchScreen.storyboard; sourceTree = "<group>"; };
		AC99AF9E20292B610090771F /* Info.plist */ = {isa = PBXFileReference; lastKnownFileType = text.plist.xml; path = Info.plist; sourceTree = "<group>"; };
		AC99AF9F20292B610090771F /* main.m */ = {isa = PBXFileReference; lastKnownFileType = sourcecode.c.objc; path = main.m; sourceTree = "<group>"; };
/* End PBXFileReference section */

/* Begin PBXFrameworksBuildPhase section */
		AC99AF8A20292B610090771F /* Frameworks */ = {
			isa = PBXFrameworksBuildPhase;
			buildActionMask = 2147483647;
			files = (
			);
			runOnlyForDeploymentPostprocessing = 0;
		};
/* End PBXFrameworksBuildPhase section */

/* Begin PBXGroup section */
		AC99AF8420292B610090771F = {
			isa = PBXGroup;
			children = (
				AC99AF8F20292B610090771F /* MyDataLatest */,
				AC99AF8E20292B610090771F /* Products */,
			);
			sourceTree = "<group>";
		};
		AC99AF8E20292B610090771F /* Products */ = {
			isa = PBXGroup;
			children = (
				AC99AF8D20292B610090771F /* MyDataLatest.app */,
			);
			name = Products;
			sourceTree = "<group>";
		};
		AC99AF8F20292B610090771F /* MyDataLatest */ = {
			isa = PBXGroup;
			children = (
				AC99AF9020292B610090771F /* AppDelegate.h */,
				AC99AF9120292B610090771F /* AppDelegate.m */,
				AC99AF9320292B610090771F /* ViewController.h */,
				AC99AF9420292B610090771F /* ViewController.m */,
				AC99AF9620292B610090771F /* Main.storyboard */,
				AC99AF9920292B610090771F /* Assets.xcassets */,
				AC99AF9B20292B610090771F /* LaunchScreen.storyboard */,
				AC99AF9E20292B610090771F /* Info.plist */,
				AC99AF9F20292B610090771F /* main.m */,
			);
			path = MyDataLatest;
			sourceTree = "<group>";
		};
/* End PBXGroup section */

/* Begin PBXNativeTarget section */
		AC99AF8C20292B610090771F /* MyDataLatest */ = {
			isa = PBXNativeTarget;
			buildConfigurationList = AC99AFA320292B610090771F /* Build configuration list for PBXNativeTarget "MyDataLatest" */;
			buildPhases = (
				AC99AF8920292B610090771F /* Sources */,
				AC99AF8A20292B610090771F /* Frameworks */,
				AC99AF8B20292B610090771F /* Resources */,
			);
			buildRules = (
			);
			dependencies = (
			);
			name = MyDataLatest;
			productName = MyDataLatest;
			productReference = AC99AF8D20292B610090771F /* MyDataLatest.app */;
			productType = "com.apple.product-type.application";
		};
/* End PBXNativeTarget section */

/* Begin PBXProject section */
		AC99AF8520292B610090771F /* Project object */ = {
			isa = PBXProject;
			attributes = {
				LastUpgradeCheck = 0920;
				ORGANIZATIONNAME = "Usuário Convidado";
				TargetAttributes = {
					AC99AF8C20292B610090771F = {
						CreatedOnToolsVersion = 9.2;
						ProvisioningStyle = Automatic;
					};
				};
			};
			buildConfigurationList = AC99AF8820292B610090771F /* Build configuration list for PBXProject "MyDataLatest" */;
			compatibilityVersion = "Xcode 8.0";
			developmentRegion = en;
			hasScannedForEncodings = 0;
			knownRegions = (
				en,
				Base,
			);
			mainGroup = AC99AF8420292B610090771F;
			productRefGroup = AC99AF8E20292B610090771F /* Products */;
			projectDirPath = "";
			projectRoot = "";
			targets = (
				AC99AF8C20292B610090771F /* MyDataLatest */,
			);
		};
/* End PBXProject section */

/* Begin PBXResourcesBuildPhase section */
		AC99AF8B20292B610090771F /* Resources */ = {
			isa = PBXResourcesBuildPhase;
			buildActionMask = 2147483647;
			files = (
				AC99AF9D20292B610090771F /* LaunchScreen.storyboard in Resources */,
				AC99AF9A20292B610090771F /* Assets.xcassets in Resources */,
				AC99AF9820292B610090771F /* Main.storyboard in Resources */,
			);
			runOnlyForDeploymentPostprocessing = 0;
		};
/* End PBXResourcesBuildPhase section */

/* Begin PBXSourcesBuildPhase section */
		AC99AF8920292B610090771F /* Sources */ = {
			isa = PBXSourcesBuildPhase;
			buildActionMask = 2147483647;
			files = (
				AC99AF9520292B610090771F /* ViewController.m in Sources */,
				AC99AFA020292B610090771F /* main.m in Sources */,
				AC99AF9220292B610090771F /* AppDelegate.m in Sources */,
			);
			runOnlyForDeploymentPostprocessing = 0;
		};
/* End PBXSourcesBuildPhase section */

/* Begin PBXVariantGroup section */
		AC99AF9620292B610090771F /* Main.storyboard */ = {
			isa = PBXVariantGroup;
			children = (
				AC99AF9720292B610090771F /* Base */,
			);
			name = Main.storyboard;
			sourceTree = "<group>";
		};
		AC99AF9B20292B610090771F /* LaunchScreen.storyboard */ = {
			isa = PBXVariantGroup;
			children = (
				AC99AF9C20292B610090771F /* Base */,
			);
			name = LaunchScreen.storyboard;
			sourceTree = "<group>";
		};
/* End PBXVariantGroup section */

/* Begin XCBuildConfiguration section */
		AC99AFA120292B610090771F /* Debug */ = {
			isa = XCBuildConfiguration;
			buildSettings = {
				ALWAYS_SEARCH_USER_PATHS = NO;
				CLANG_ANALYZER_NONNULL = YES;
				CLANG_ANALYZER_NUMBER_OBJECT_CONVERSION = YES_AGGRESSIVE;
				CLANG_CXX_LANGUAGE_STANDARD = "gnu++14";
				CLANG_CXX_LIBRARY = "libc++";
				CLANG_ENABLE_MODULES = YES;
				CLANG_ENABLE_OBJC_ARC = YES;
				CLANG_WARN_BLOCK_CAPTURE_AUTORELEASING = YES;
				CLANG_WARN_BOOL_CONVERSION = YES;
				CLANG_WARN_COMMA = YES;
				CLANG_WARN_CONSTANT_CONVERSION = YES;
				CLANG_WARN_DIRECT_OBJC_ISA_USAGE = YES_ERROR;
				CLANG_WARN_DOCUMENTATION_COMMENTS = YES;
				CLANG_WARN_EMPTY_BODY = YES;
				CLANG_WARN_ENUM_CONVERSION = YES;
				CLANG_WARN_INFINITE_RECURSION = YES;
				CLANG_WARN_INT_CONVERSION = YES;
				CLANG_WARN_NON_LITERAL_NULL_CONVERSION = YES;
				CLANG_WARN_OBJC_LITERAL_CONVERSION = YES;
				CLANG_WARN_OBJC_ROOT_CLASS = YES_ERROR;
				CLANG_WARN_RANGE_LOOP_ANALYSIS = YES;
				CLANG_WARN_STRICT_PROTOTYPES = YES;
				CLANG_WARN_SUSPICIOUS_MOVE = YES;
				CLANG_WARN_UNGUARDED_AVAILABILITY = YES_AGGRESSIVE;
				CLANG_WARN_UNREACHABLE_CODE = YES;
				CLANG_WARN__DUPLICATE_METHOD_MATCH = YES;
				CODE_SIGN_IDENTITY = "iPhone Developer";
				COPY_PHASE_STRIP = NO;
				DEBUG_INFORMATION_FORMAT = dwarf;
				ENABLE_STRICT_OBJC_MSGSEND = YES;
				ENABLE_TESTABILITY = YES;
				GCC_C_LANGUAGE_STANDARD = gnu11;
				GCC_DYNAMIC_NO_PIC = NO;
				GCC_NO_COMMON_BLOCKS = YES;
				GCC_OPTIMIZATION_LEVEL = 0;
				GCC_PREPROCESSOR_DEFINITIONS = (
					"DEBUG=1",
					"$(inherited)",
				);
				GCC_WARN_64_TO_32_BIT_CONVERSION = YES;
				GCC_WARN_ABOUT_RETURN_TYPE = YES_ERROR;
				GCC_WARN_UNDECLARED_SELECTOR = YES;
				GCC_WARN_UNINITIALIZED_AUTOS = YES_AGGRESSIVE;
				GCC_WARN_UNUSED_FUNCTION = YES;
				GCC_WARN_UNUSED_VARIABLE = YES;
				IPHONEOS_DEPLOYMENT_TARGET = 11.2;
				MTL_ENABLE_DEBUG_INFO = YES;
				ONLY_ACTIVE_ARCH = YES;
				SDKROOT = iphoneos;
			};
			name = Debug;
		};
		AC99AFA220292B610090771F /* Release */ = {
			isa = XCBuildConfiguration;
			buildSettings = {
				ALWAYS_SEARCH_USER_PATHS = NO;
				CLANG_ANALYZER_NONNULL = YES;
				CLANG_ANALYZER_NUMBER_OBJECT_CONVERSION = YES_AGGRESSIVE;
				CLANG_CXX_LANGUAGE_STANDARD = "gnu++14";
				CLANG_CXX_LIBRARY = "libc++";
				CLANG_ENABLE_MODULES = YES;
				CLANG_ENABLE_OBJC_ARC = YES;
				CLANG_WARN_BLOCK_CAPTURE_AUTORELEASING = YES;
				CLANG_WARN_BOOL_CONVERSION = YES;
				CLANG_WARN_COMMA = YES;
				CLANG_WARN_CONSTANT_CONVERSION = YES;
				CLANG_WARN_DIRECT_OBJC_ISA_USAGE = YES_ERROR;
				CLANG_WARN_DOCUMENTATION_COMMENTS = YES;
				CLANG_WARN_EMPTY_BODY = YES;
				CLANG_WARN_ENUM_CONVERSION = YES;
				CLANG_WARN_INFINITE_RECURSION = YES;
				CLANG_WARN_INT_CONVERSION = YES;
				CLANG_WARN_NON_LITERAL_NULL_CONVERSION = YES;
				CLANG_WARN_OBJC_LITERAL_CONVERSION = YES;
				CLANG_WARN_OBJC_ROOT_CLASS = YES_ERROR;
				CLANG_WARN_RANGE_LOOP_ANALYSIS = YES;
				CLANG_WARN_STRICT_PROTOTYPES = YES;
				CLANG_WARN_SUSPICIOUS_MOVE = YES;
				CLANG_WARN_UNGUARDED_AVAILABILITY = YES_AGGRESSIVE;
				CLANG_WARN_UNREACHABLE_CODE = YES;
				CLANG_WARN__DUPLICATE_METHOD_MATCH = YES;
				CODE_SIGN_IDENTITY = "iPhone Developer";
				COPY_PHASE_STRIP = NO;
				DEBUG_INFORMATION_FORMAT = "dwarf-with-dsym";
				ENABLE_NS_ASSERTIONS = NO;
				ENABLE_STRICT_OBJC_MSGSEND = YES;
				GCC_C_LANGUAGE_STANDARD = gnu11;
				GCC_NO_COMMON_BLOCKS = YES;
				GCC_WARN_64_TO_32_BIT_CONVERSION = YES;
				GCC_WARN_ABOUT_RETURN_TYPE = YES_ERROR;
				GCC_WARN_UNDECLARED_SELECTOR = YES;
				GCC_WARN_UNINITIALIZED_AUTOS = YES_AGGRESSIVE;
				GCC_WARN_UNUSED_FUNCTION = YES;
				GCC_WARN_UNUSED_VARIABLE = YES;
				IPHONEOS_DEPLOYMENT_TARGET = 11.2;
				MTL_ENABLE_DEBUG_INFO = NO;
				SDKROOT = iphoneos;
				VALIDATE_PRODUCT = YES;
			};
			name = Release;
		};
		AC99AFA420292B610090771F /* Debug */ = {
			isa = XCBuildConfiguration;
			buildSettings = {
				ASSETCATALOG_COMPILER_APPICON_NAME = AppIcon;
				CODE_SIGN_STYLE = Automatic;
				INFOPLIST_FILE = MyDataLatest/Info.plist;
				LD_RUNPATH_SEARCH_PATHS = "$(inherited) @executable_path/Frameworks";
				PRODUCT_BUNDLE_IDENTIFIER = "com.levy-.MyDataLatest";
				PRODUCT_NAME = "$(TARGET_NAME)";
				TARGETED_DEVICE_FAMILY = "1,2";
			};
			name = Debug;
		};
		AC99AFA520292B610090771F /* Release */ = {
			isa = XCBuildConfiguration;
			buildSettings = {
				ASSETCATALOG_COMPILER_APPICON_NAME = AppIcon;
				CODE_SIGN_STYLE = Automatic;
				INFOPLIST_FILE = MyDataLatest/Info.plist;
				LD_RUNPATH_SEARCH_PATHS = "$(inherited) @executable_path/Frameworks";
				PRODUCT_BUNDLE_IDENTIFIER = "com.levy-.MyDataLatest";
				PRODUCT_NAME = "$(TARGET_NAME)";
				TARGETED_DEVICE_FAMILY = "1,2";
			};
			name = Release;
		};
/* End XCBuildConfiguration section */

/* Begin XCConfigurationList section */
		AC99AF8820292B610090771F /* Build configuration list for PBXProject "MyDataLatest" */ = {
			isa = XCConfigurationList;
			buildConfigurations = (
				AC99AFA120292B610090771F /* Debug */,
				AC99AFA220292B610090771F /* Release */,
			);
			defaultConfigurationIsVisible = 0;
			defaultConfigurationName = Release;
		};
		AC99AFA320292B610090771F /* Build configuration list for PBXNativeTarget "MyDataLatest" */ = {
			isa = XCConfigurationList;
			buildConfigurations = (
				AC99AFA420292B610090771F /* Debug */,
				AC99AFA520292B610090771F /* Release */,
			);
			defaultConfigurationIsVisible = 0;
			defaultConfigurationName = Release;
		};
/* End XCConfigurationList section */
	};
	rootObject = AC99AF8520292B610090771F /* Project object */;
}
